// !$*UTF8*$!
{
	archiveVersion = 1;
	classes = {
	};
	objectVersion = 46;
	objects = {

/* Begin PBXBuildFile section */
		CA3BB3B31B6909B5006400E7 /* AppDelegate.swift in Sources */ = {isa = PBXBuildFile; fileRef = CA3BB3A91B6909B5006400E7 /* AppDelegate.swift */; };
		CA3BB3B41B6909B5006400E7 /* Art.scnassets in Resources */ = {isa = PBXBuildFile; fileRef = CA3BB3AA1B6909B5006400E7 /* Art.scnassets */; };
		CA3BB3B51B6909B5006400E7 /* Assets.xcassets in Resources */ = {isa = PBXBuildFile; fileRef = CA3BB3AB1B6909B5006400E7 /* Assets.xcassets */; };
		CA3BB3B61B6909B5006400E7 /* LaunchScreen.storyboard in Resources */ = {isa = PBXBuildFile; fileRef = CA3BB3AC1B6909B5006400E7 /* LaunchScreen.storyboard */; };
		CA3BB3B71B6909B5006400E7 /* Main.storyboard in Resources */ = {isa = PBXBuildFile; fileRef = CA3BB3AE1B6909B5006400E7 /* Main.storyboard */; };
		CA3BB3B81B6909B5006400E7 /* Info.plist in Resources */ = {isa = PBXBuildFile; fileRef = CA3BB3B01B6909B5006400E7 /* Info.plist */; };
		CA3BB3B91B6909B5006400E7 /* SliderWidget.swift in Sources */ = {isa = PBXBuildFile; fileRef = CA3BB3B11B6909B5006400E7 /* SliderWidget.swift */; };
		CA3BB3BA1B6909B5006400E7 /* ViewController.swift in Sources */ = {isa = PBXBuildFile; fileRef = CA3BB3B21B6909B5006400E7 /* ViewController.swift */; };
/* End PBXBuildFile section */

/* Begin PBXFileReference section */
		BEB3BF401B5136F500F356B3 /* SkyCubeSTL.app */ = {isa = PBXFileReference; explicitFileType = wrapper.application; includeInIndex = 0; path = SkyCubeSTL.app; sourceTree = BUILT_PRODUCTS_DIR; };
		CA3BB3A91B6909B5006400E7 /* AppDelegate.swift */ = {isa = PBXFileReference; fileEncoding = 4; lastKnownFileType = sourcecode.swift; path = AppDelegate.swift; sourceTree = "<group>"; };
		CA3BB3AA1B6909B5006400E7 /* Art.scnassets */ = {isa = PBXFileReference; lastKnownFileType = wrapper.scnassets; path = Art.scnassets; sourceTree = "<group>"; };
		CA3BB3AB1B6909B5006400E7 /* Assets.xcassets */ = {isa = PBXFileReference; lastKnownFileType = folder.assetcatalog; path = Assets.xcassets; sourceTree = "<group>"; };
		CA3BB3AD1B6909B5006400E7 /* Base */ = {isa = PBXFileReference; lastKnownFileType = file.storyboard; name = Base; path = Base.lproj/LaunchScreen.storyboard; sourceTree = "<group>"; };
		CA3BB3AF1B6909B5006400E7 /* Base */ = {isa = PBXFileReference; lastKnownFileType = file.storyboard; name = Base; path = Base.lproj/Main.storyboard; sourceTree = "<group>"; };
		CA3BB3B01B6909B5006400E7 /* Info.plist */ = {isa = PBXFileReference; fileEncoding = 4; lastKnownFileType = text.plist.xml; path = Info.plist; sourceTree = "<group>"; };
		CA3BB3B11B6909B5006400E7 /* SliderWidget.swift */ = {isa = PBXFileReference; fileEncoding = 4; lastKnownFileType = sourcecode.swift; path = SliderWidget.swift; sourceTree = "<group>"; };
		CA3BB3B21B6909B5006400E7 /* ViewController.swift */ = {isa = PBXFileReference; fileEncoding = 4; lastKnownFileType = sourcecode.swift; path = ViewController.swift; sourceTree = "<group>"; };
/* End PBXFileReference section */

/* Begin PBXFrameworksBuildPhase section */
		BEB3BF3D1B5136F500F356B3 /* Frameworks */ = {
			isa = PBXFrameworksBuildPhase;
			buildActionMask = 2147483647;
			files = (
			);
			runOnlyForDeploymentPostprocessing = 0;
		};
/* End PBXFrameworksBuildPhase section */

/* Begin PBXGroup section */
		BEB3BF371B5136F500F356B3 = {
			isa = PBXGroup;
			children = (
				CA3BB3A81B6909B5006400E7 /* SkyCubeDemonstration */,
				BEB3BF411B5136F500F356B3 /* Products */,
			);
			sourceTree = "<group>";
		};
		BEB3BF411B5136F500F356B3 /* Products */ = {
			isa = PBXGroup;
			children = (
				BEB3BF401B5136F500F356B3 /* SkyCubeSTL.app */,
			);
			name = Products;
			sourceTree = "<group>";
		};
		CA3BB3A81B6909B5006400E7 /* SkyCubeDemonstration */ = {
			isa = PBXGroup;
			children = (
				CA3BB3A91B6909B5006400E7 /* AppDelegate.swift */,
				CA3BB3AA1B6909B5006400E7 /* Art.scnassets */,
				CA3BB3AB1B6909B5006400E7 /* Assets.xcassets */,
				CA3BB3AC1B6909B5006400E7 /* LaunchScreen.storyboard */,
				CA3BB3AE1B6909B5006400E7 /* Main.storyboard */,
				CA3BB3B01B6909B5006400E7 /* Info.plist */,
				CA3BB3B11B6909B5006400E7 /* SliderWidget.swift */,
				CA3BB3B21B6909B5006400E7 /* ViewController.swift */,
			);
			path = SkyCubeDemonstration;
			sourceTree = "<group>";
		};
/* End PBXGroup section */

/* Begin PBXNativeTarget section */
		BEB3BF3F1B5136F500F356B3 /* SkyCubeSTL */ = {
			isa = PBXNativeTarget;
			buildConfigurationList = BEB3BF521B5136F500F356B3 /* Build configuration list for PBXNativeTarget "SkyCubeSTL" */;
			buildPhases = (
				BEB3BF3C1B5136F500F356B3 /* Sources */,
				BEB3BF3D1B5136F500F356B3 /* Frameworks */,
				BEB3BF3E1B5136F500F356B3 /* Resources */,
			);
			buildRules = (
			);
			dependencies = (
			);
			name = SkyCubeSTL;
			productName = SkyCubeDemonstration;
			productReference = BEB3BF401B5136F500F356B3 /* SkyCubeSTL.app */;
			productType = "com.apple.product-type.application";
		};
/* End PBXNativeTarget section */

/* Begin PBXProject section */
		BEB3BF381B5136F500F356B3 /* Project object */ = {
			isa = PBXProject;
			attributes = {
				LastUpgradeCheck = 0700;
				ORGANIZATIONNAME = "Simon Gladman";
				TargetAttributes = {
					BEB3BF3F1B5136F500F356B3 = {
						CreatedOnToolsVersion = 7.0;
						DevelopmentTeam = 425926LNSF;
					};
				};
			};
			buildConfigurationList = BEB3BF3B1B5136F500F356B3 /* Build configuration list for PBXProject "SkyCubeSTL" */;
			compatibilityVersion = "Xcode 3.2";
			developmentRegion = English;
			hasScannedForEncodings = 0;
			knownRegions = (
				en,
				Base,
			);
			mainGroup = BEB3BF371B5136F500F356B3;
			productRefGroup = BEB3BF411B5136F500F356B3 /* Products */;
			projectDirPath = "";
			projectRoot = "";
			targets = (
				BEB3BF3F1B5136F500F356B3 /* SkyCubeSTL */,
			);
		};
/* End PBXProject section */

/* Begin PBXResourcesBuildPhase section */
		BEB3BF3E1B5136F500F356B3 /* Resources */ = {
			isa = PBXResourcesBuildPhase;
			buildActionMask = 2147483647;
			files = (
				CA3BB3B61B6909B5006400E7 /* LaunchScreen.storyboard in Resources */,
				CA3BB3B51B6909B5006400E7 /* Assets.xcassets in Resources */,
				CA3BB3B41B6909B5006400E7 /* Art.scnassets in Resources */,
				CA3BB3B81B6909B5006400E7 /* Info.plist in Resources */,
				CA3BB3B71B6909B5006400E7 /* Main.storyboard in Resources */,
			);
			runOnlyForDeploymentPostprocessing = 0;
		};
/* End PBXResourcesBuildPhase section */

/* Begin PBXSourcesBuildPhase section */
		BEB3BF3C1B5136F500F356B3 /* Sources */ = {
			isa = PBXSourcesBuildPhase;
			buildActionMask = 2147483647;
			files = (
				CA3BB3BA1B6909B5006400E7 /* ViewController.swift in Sources */,
				CA3BB3B91B6909B5006400E7 /* SliderWidget.swift in Sources */,
				CA3BB3B31B6909B5006400E7 /* AppDelegate.swift in Sources */,
			);
			runOnlyForDeploymentPostprocessing = 0;
		};
/* End PBXSourcesBuildPhase section */

/* Begin PBXVariantGroup section */
		CA3BB3AC1B6909B5006400E7 /* LaunchScreen.storyboard */ = {
			isa = PBXVariantGroup;
			children = (
				CA3BB3AD1B6909B5006400E7 /* Base */,
			);
			name = LaunchScreen.storyboard;
			sourceTree = "<group>";
		};
		CA3BB3AE1B6909B5006400E7 /* Main.storyboard */ = {
			isa = PBXVariantGroup;
			children = (
				CA3BB3AF1B6909B5006400E7 /* Base */,
			);
			name = Main.storyboard;
			sourceTree = "<group>";
		};
/* End PBXVariantGroup section */

/* Begin XCBuildConfiguration section */
		BEB3BF501B5136F500F356B3 /* Debug */ = {
			isa = XCBuildConfiguration;
			buildSettings = {
				ALWAYS_SEARCH_USER_PATHS = NO;
				CLANG_CXX_LANGUAGE_STANDARD = "gnu++0x";
				CLANG_CXX_LIBRARY = "libc++";
				CLANG_ENABLE_MODULES = YES;
				CLANG_ENABLE_OBJC_ARC = YES;
				CLANG_WARN_BOOL_CONVERSION = YES;
				CLANG_WARN_CONSTANT_CONVERSION = YES;
				CLANG_WARN_DIRECT_OBJC_ISA_USAGE = YES_ERROR;
				CLANG_WARN_EMPTY_BODY = YES;
				CLANG_WARN_ENUM_CONVERSION = YES;
				CLANG_WARN_INT_CONVERSION = YES;
				CLANG_WARN_OBJC_ROOT_CLASS = YES_ERROR;
				CLANG_WARN_UNREACHABLE_CODE = YES;
				CLANG_WARN__DUPLICATE_METHOD_MATCH = YES;
				"CODE_SIGN_IDENTITY[sdk=iphoneos*]" = "iPhone Developer";
				COPY_PHASE_STRIP = NO;
				DEBUG_INFORMATION_FORMAT = dwarf;
				ENABLE_STRICT_OBJC_MSGSEND = YES;
				ENABLE_TESTABILITY = YES;
				GCC_C_LANGUAGE_STANDARD = gnu99;
				GCC_DYNAMIC_NO_PIC = NO;
				GCC_NO_COMMON_BLOCKS = YES;
				GCC_OPTIMIZATION_LEVEL = 0;
				GCC_PREPROCESSOR_DEFINITIONS = (
					"DEBUG=1",
					"$(inherited)",
				);
				GCC_WARN_64_TO_32_BIT_CONVERSION = YES;
				GCC_WARN_ABOUT_RETURN_TYPE = YES_ERROR;
				GCC_WARN_UNDECLARED_SELECTOR = YES;
				GCC_WARN_UNINITIALIZED_AUTOS = YES_AGGRESSIVE;
				GCC_WARN_UNUSED_FUNCTION = YES;
				GCC_WARN_UNUSED_VARIABLE = YES;
				IPHONEOS_DEPLOYMENT_TARGET = 9.0;
				MTL_ENABLE_DEBUG_INFO = YES;
				ONLY_ACTIVE_ARCH = YES;
				SDKROOT = iphoneos;
				SWIFT_OPTIMIZATION_LEVEL = "-Onone";
				TARGETED_DEVICE_FAMILY = 2;
			};
			name = Debug;
		};
		BEB3BF511B5136F500F356B3 /* Release */ = {
			isa = XCBuildConfiguration;
			buildSettings = {
				ALWAYS_SEARCH_USER_PATHS = NO;
				CLANG_CXX_LANGUAGE_STANDARD = "gnu++0x";
				CLANG_CXX_LIBRARY = "libc++";
				CLANG_ENABLE_MODULES = YES;
				CLANG_ENABLE_OBJC_ARC = YES;
				CLANG_WARN_BOOL_CONVERSION = YES;
				CLANG_WARN_CONSTANT_CONVERSION = YES;
				CLANG_WARN_DIRECT_OBJC_ISA_USAGE = YES_ERROR;
				CLANG_WARN_EMPTY_BODY = YES;
				CLANG_WARN_ENUM_CONVERSION = YES;
				CLANG_WARN_INT_CONVERSION = YES;
				CLANG_WARN_OBJC_ROOT_CLASS = YES_ERROR;
				CLANG_WARN_UNREACHABLE_CODE = YES;
				CLANG_WARN__DUPLICATE_METHOD_MATCH = YES;
				"CODE_SIGN_IDENTITY[sdk=iphoneos*]" = "iPhone Developer";
				COPY_PHASE_STRIP = NO;
				DEBUG_INFORMATION_FORMAT = "dwarf-with-dsym";
				ENABLE_NS_ASSERTIONS = NO;
				ENABLE_STRICT_OBJC_MSGSEND = YES;
				GCC_C_LANGUAGE_STANDARD = gnu99;
				GCC_NO_COMMON_BLOCKS = YES;
				GCC_WARN_64_TO_32_BIT_CONVERSION = YES;
				GCC_WARN_ABOUT_RETURN_TYPE = YES_ERROR;
				GCC_WARN_UNDECLARED_SELECTOR = YES;
				GCC_WARN_UNINITIALIZED_AUTOS = YES_AGGRESSIVE;
				GCC_WARN_UNUSED_FUNCTION = YES;
				GCC_WARN_UNUSED_VARIABLE = YES;
				IPHONEOS_DEPLOYMENT_TARGET = 9.0;
				MTL_ENABLE_DEBUG_INFO = NO;
				SDKROOT = iphoneos;
				TARGETED_DEVICE_FAMILY = 2;
				VALIDATE_PRODUCT = YES;
			};
			name = Release;
		};
		BEB3BF531B5136F500F356B3 /* Debug */ = {
			isa = XCBuildConfiguration;
			buildSettings = {
				CODE_SIGN_IDENTITY = "iPhone Developer";
				"CODE_SIGN_IDENTITY[sdk=iphoneos*]" = "iPhone Developer";
				INFOPLIST_FILE = SkyCubeDemonstration/Info.plist;
				LD_RUNPATH_SEARCH_PATHS = "$(inherited) @executable_path/Frameworks";
				PRODUCT_BUNDLE_IDENTIFIER = SkyCubeSTL;
				PRODUCT_NAME = SkyCubeSTL;
				PROVISIONING_PROFILE = "";
				TARGETED_DEVICE_FAMILY = 1;
			};
			name = Debug;
		};
		BEB3BF541B5136F500F356B3 /* Release */ = {
			isa = XCBuildConfiguration;
			buildSettings = {
				CODE_SIGN_IDENTITY = "iPhone Developer";
				"CODE_SIGN_IDENTITY[sdk=iphoneos*]" = "iPhone Developer";
				INFOPLIST_FILE = SkyCubeDemonstration/Info.plist;
				LD_RUNPATH_SEARCH_PATHS = "$(inherited) @executable_path/Frameworks";
				PRODUCT_BUNDLE_IDENTIFIER = SkyCubeSTL;
				PRODUCT_NAME = SkyCubeSTL;
				PROVISIONING_PROFILE = "";
				TARGETED_DEVICE_FAMILY = 1;
			};
			name = Release;
		};
/* End XCBuildConfiguration section */

/* Begin XCConfigurationList section */
		BEB3BF3B1B5136F500F356B3 /* Build configuration list for PBXProject "SkyCubeSTL" */ = {
			isa = XCConfigurationList;
			buildConfigurations = (
				BEB3BF501B5136F500F356B3 /* Debug */,
				BEB3BF511B5136F500F356B3 /* Release */,
			);
			defaultConfigurationIsVisible = 0;
			defaultConfigurationName = Release;
		};
		BEB3BF521B5136F500F356B3 /* Build configuration list for PBXNativeTarget "SkyCubeSTL" */ = {
			isa = XCConfigurationList;
			buildConfigurations = (
				BEB3BF531B5136F500F356B3 /* Debug */,
				BEB3BF541B5136F500F356B3 /* Release */,
			);
			defaultConfigurationIsVisible = 0;
			defaultConfigurationName = Release;
		};
/* End XCConfigurationList section */
	};
	rootObject = BEB3BF381B5136F500F356B3 /* Project object */;
}
